// !$*UTF8*$!
{
	archiveVersion = 1;
	classes = {
	};
	objectVersion = 50;
	objects = {

/* Begin PBXBuildFile section */
		010308A9207912CC0068D596 /* AppDelegate.m in Sources */ = {isa = PBXBuildFile; fileRef = 010308A8207912CC0068D596 /* AppDelegate.m */; };
		010308B1207912CD0068D596 /* Assets.xcassets in Resources */ = {isa = PBXBuildFile; fileRef = 010308B0207912CD0068D596 /* Assets.xcassets */; };
		010308B4207912CD0068D596 /* LaunchScreen.storyboard in Resources */ = {isa = PBXBuildFile; fileRef = 010308B2207912CD0068D596 /* LaunchScreen.storyboard */; };
		010308B7207912CD0068D596 /* main.m in Sources */ = {isa = PBXBuildFile; fileRef = 010308B6207912CD0068D596 /* main.m */; };
		010308C1207912CD0068D596 /* SimpleFactoryDemoTests.m in Sources */ = {isa = PBXBuildFile; fileRef = 010308C0207912CD0068D596 /* SimpleFactoryDemoTests.m */; };
		010308CC207912CD0068D596 /* SimpleFactoryDemoUITests.m in Sources */ = {isa = PBXBuildFile; fileRef = 010308CB207912CD0068D596 /* SimpleFactoryDemoUITests.m */; };
		010308DE2079133B0068D596 /* DORootVC.m in Sources */ = {isa = PBXBuildFile; fileRef = 010308DD2079133B0068D596 /* DORootVC.m */; };
		010308E22079158D0068D596 /* DOFruits.m in Sources */ = {isa = PBXBuildFile; fileRef = 010308E12079158D0068D596 /* DOFruits.m */; };
		010308E5207915B90068D596 /* DOApple.m in Sources */ = {isa = PBXBuildFile; fileRef = 010308E4207915B90068D596 /* DOApple.m */; };
		010308E8207915CA0068D596 /* DOBanana.m in Sources */ = {isa = PBXBuildFile; fileRef = 010308E7207915CA0068D596 /* DOBanana.m */; };
		010308EB207917260068D596 /* DOFruitsFactory.m in Sources */ = {isa = PBXBuildFile; fileRef = 010308EA207917260068D596 /* DOFruitsFactory.m */; };
/* End PBXBuildFile section */

/* Begin PBXContainerItemProxy section */
		010308BD207912CD0068D596 /* PBXContainerItemProxy */ = {
			isa = PBXContainerItemProxy;
			containerPortal = 0103089C207912CC0068D596 /* Project object */;
			proxyType = 1;
			remoteGlobalIDString = 010308A3207912CC0068D596;
			remoteInfo = SimpleFactoryDemo;
		};
		010308C8207912CD0068D596 /* PBXContainerItemProxy */ = {
			isa = PBXContainerItemProxy;
			containerPortal = 0103089C207912CC0068D596 /* Project object */;
			proxyType = 1;
			remoteGlobalIDString = 010308A3207912CC0068D596;
			remoteInfo = SimpleFactoryDemo;
		};
/* End PBXContainerItemProxy section */

/* Begin PBXFileReference section */
		010308A4207912CC0068D596 /* SimpleFactoryDemo.app */ = {isa = PBXFileReference; explicitFileType = wrapper.application; includeInIndex = 0; path = SimpleFactoryDemo.app; sourceTree = BUILT_PRODUCTS_DIR; };
		010308A7207912CC0068D596 /* AppDelegate.h */ = {isa = PBXFileReference; lastKnownFileType = sourcecode.c.h; path = AppDelegate.h; sourceTree = "<group>"; };
		010308A8207912CC0068D596 /* AppDelegate.m */ = {isa = PBXFileReference; lastKnownFileType = sourcecode.c.objc; path = AppDelegate.m; sourceTree = "<group>"; };
		010308B0207912CD0068D596 /* Assets.xcassets */ = {isa = PBXFileReference; lastKnownFileType = folder.assetcatalog; path = Assets.xcassets; sourceTree = "<group>"; };
		010308B3207912CD0068D596 /* Base */ = {isa = PBXFileReference; lastKnownFileType = file.storyboard; name = Base; path = Base.lproj/LaunchScreen.storyboard; sourceTree = "<group>"; };
		010308B5207912CD0068D596 /* Info.plist */ = {isa = PBXFileReference; lastKnownFileType = text.plist.xml; path = Info.plist; sourceTree = "<group>"; };
		010308B6207912CD0068D596 /* main.m */ = {isa = PBXFileReference; lastKnownFileType = sourcecode.c.objc; path = main.m; sourceTree = "<group>"; };
		010308BC207912CD0068D596 /* SimpleFactoryDemoTests.xctest */ = {isa = PBXFileReference; explicitFileType = wrapper.cfbundle; includeInIndex = 0; path = SimpleFactoryDemoTests.xctest; sourceTree = BUILT_PRODUCTS_DIR; };
		010308C0207912CD0068D596 /* SimpleFactoryDemoTests.m */ = {isa = PBXFileReference; lastKnownFileType = sourcecode.c.objc; path = SimpleFactoryDemoTests.m; sourceTree = "<group>"; };
		010308C2207912CD0068D596 /* Info.plist */ = {isa = PBXFileReference; lastKnownFileType = text.plist.xml; path = Info.plist; sourceTree = "<group>"; };
		010308C7207912CD0068D596 /* SimpleFactoryDemoUITests.xctest */ = {isa = PBXFileReference; explicitFileType = wrapper.cfbundle; includeInIndex = 0; path = SimpleFactoryDemoUITests.xctest; sourceTree = BUILT_PRODUCTS_DIR; };
		010308CB207912CD0068D596 /* SimpleFactoryDemoUITests.m */ = {isa = PBXFileReference; lastKnownFileType = sourcecode.c.objc; path = SimpleFactoryDemoUITests.m; sourceTree = "<group>"; };
		010308CD207912CD0068D596 /* Info.plist */ = {isa = PBXFileReference; lastKnownFileType = text.plist.xml; path = Info.plist; sourceTree = "<group>"; };
		010308DC2079133B0068D596 /* DORootVC.h */ = {isa = PBXFileReference; lastKnownFileType = sourcecode.c.h; path = DORootVC.h; sourceTree = "<group>"; };
		010308DD2079133B0068D596 /* DORootVC.m */ = {isa = PBXFileReference; lastKnownFileType = sourcecode.c.objc; path = DORootVC.m; sourceTree = "<group>"; };
		010308E02079158D0068D596 /* DOFruits.h */ = {isa = PBXFileReference; lastKnownFileType = sourcecode.c.h; path = DOFruits.h; sourceTree = "<group>"; };
		010308E12079158D0068D596 /* DOFruits.m */ = {isa = PBXFileReference; lastKnownFileType = sourcecode.c.objc; path = DOFruits.m; sourceTree = "<group>"; };
		010308E3207915B90068D596 /* DOApple.h */ = {isa = PBXFileReference; lastKnownFileType = sourcecode.c.h; path = DOApple.h; sourceTree = "<group>"; };
		010308E4207915B90068D596 /* DOApple.m */ = {isa = PBXFileReference; lastKnownFileType = sourcecode.c.objc; path = DOApple.m; sourceTree = "<group>"; };
		010308E6207915CA0068D596 /* DOBanana.h */ = {isa = PBXFileReference; lastKnownFileType = sourcecode.c.h; path = DOBanana.h; sourceTree = "<group>"; };
		010308E7207915CA0068D596 /* DOBanana.m */ = {isa = PBXFileReference; lastKnownFileType = sourcecode.c.objc; path = DOBanana.m; sourceTree = "<group>"; };
		010308E9207917260068D596 /* DOFruitsFactory.h */ = {isa = PBXFileReference; lastKnownFileType = sourcecode.c.h; path = DOFruitsFactory.h; sourceTree = "<group>"; };
		010308EA207917260068D596 /* DOFruitsFactory.m */ = {isa = PBXFileReference; lastKnownFileType = sourcecode.c.objc; path = DOFruitsFactory.m; sourceTree = "<group>"; };
/* End PBXFileReference section */

/* Begin PBXFrameworksBuildPhase section */
		010308A1207912CC0068D596 /* Frameworks */ = {
			isa = PBXFrameworksBuildPhase;
			buildActionMask = 2147483647;
			files = (
			);
			runOnlyForDeploymentPostprocessing = 0;
		};
		010308B9207912CD0068D596 /* Frameworks */ = {
			isa = PBXFrameworksBuildPhase;
			buildActionMask = 2147483647;
			files = (
			);
			runOnlyForDeploymentPostprocessing = 0;
		};
		010308C4207912CD0068D596 /* Frameworks */ = {
			isa = PBXFrameworksBuildPhase;
			buildActionMask = 2147483647;
			files = (
			);
			runOnlyForDeploymentPostprocessing = 0;
		};
/* End PBXFrameworksBuildPhase section */

/* Begin PBXGroup section */
		0103089B207912CC0068D596 = {
			isa = PBXGroup;
			children = (
				010308A6207912CC0068D596 /* SimpleFactoryDemo */,
				010308BF207912CD0068D596 /* SimpleFactoryDemoTests */,
				010308CA207912CD0068D596 /* SimpleFactoryDemoUITests */,
				010308A5207912CC0068D596 /* Products */,
			);
			sourceTree = "<group>";
		};
		010308A5207912CC0068D596 /* Products */ = {
			isa = PBXGroup;
			children = (
				010308A4207912CC0068D596 /* SimpleFactoryDemo.app */,
				010308BC207912CD0068D596 /* SimpleFactoryDemoTests.xctest */,
				010308C7207912CD0068D596 /* SimpleFactoryDemoUITests.xctest */,
			);
			name = Products;
			sourceTree = "<group>";
		};
		010308A6207912CC0068D596 /* SimpleFactoryDemo */ = {
			isa = PBXGroup;
			children = (
				010308DF207915690068D596 /* Model */,
				010308DB207913110068D596 /* Controller */,
				010308DA207913010068D596 /* Bases */,
				010308D9207912D80068D596 /* Resources */,
			);
			path = SimpleFactoryDemo;
			sourceTree = "<group>";
		};
		010308BF207912CD0068D596 /* SimpleFactoryDemoTests */ = {
			isa = PBXGroup;
			children = (
				010308C0207912CD0068D596 /* SimpleFactoryDemoTests.m */,
				010308C2207912CD0068D596 /* Info.plist */,
			);
			path = SimpleFactoryDemoTests;
			sourceTree = "<group>";
		};
		010308CA207912CD0068D596 /* SimpleFactoryDemoUITests */ = {
			isa = PBXGroup;
			children = (
				010308CB207912CD0068D596 /* SimpleFactoryDemoUITests.m */,
				010308CD207912CD0068D596 /* Info.plist */,
			);
			path = SimpleFactoryDemoUITests;
			sourceTree = "<group>";
		};
		010308D9207912D80068D596 /* Resources */ = {
			isa = PBXGroup;
			children = (
				010308B0207912CD0068D596 /* Assets.xcassets */,
				010308B2207912CD0068D596 /* LaunchScreen.storyboard */,
				010308B5207912CD0068D596 /* Info.plist */,
				010308B6207912CD0068D596 /* main.m */,
			);
			path = Resources;
			sourceTree = "<group>";
		};
		010308DA207913010068D596 /* Bases */ = {
			isa = PBXGroup;
			children = (
				010308A7207912CC0068D596 /* AppDelegate.h */,
				010308A8207912CC0068D596 /* AppDelegate.m */,
			);
			path = Bases;
			sourceTree = "<group>";
		};
		010308DB207913110068D596 /* Controller */ = {
			isa = PBXGroup;
			children = (
				010308DC2079133B0068D596 /* DORootVC.h */,
				010308DD2079133B0068D596 /* DORootVC.m */,
			);
			path = Controller;
			sourceTree = "<group>";
		};
		010308DF207915690068D596 /* Model */ = {
			isa = PBXGroup;
			children = (
				010308E9207917260068D596 /* DOFruitsFactory.h */,
				010308EA207917260068D596 /* DOFruitsFactory.m */,
				010308E02079158D0068D596 /* DOFruits.h */,
				010308E12079158D0068D596 /* DOFruits.m */,
				010308E3207915B90068D596 /* DOApple.h */,
				010308E4207915B90068D596 /* DOApple.m */,
				010308E6207915CA0068D596 /* DOBanana.h */,
				010308E7207915CA0068D596 /* DOBanana.m */,
			);
			path = Model;
			sourceTree = "<group>";
		};
/* End PBXGroup section */

/* Begin PBXNativeTarget section */
		010308A3207912CC0068D596 /* SimpleFactoryDemo */ = {
			isa = PBXNativeTarget;
			buildConfigurationList = 010308D0207912CD0068D596 /* Build configuration list for PBXNativeTarget "SimpleFactoryDemo" */;
			buildPhases = (
				010308A0207912CC0068D596 /* Sources */,
				010308A1207912CC0068D596 /* Frameworks */,
				010308A2207912CC0068D596 /* Resources */,
			);
			buildRules = (
			);
			dependencies = (
			);
			name = SimpleFactoryDemo;
			productName = SimpleFactoryDemo;
			productReference = 010308A4207912CC0068D596 /* SimpleFactoryDemo.app */;
			productType = "com.apple.product-type.application";
		};
		010308BB207912CD0068D596 /* SimpleFactoryDemoTests */ = {
			isa = PBXNativeTarget;
			buildConfigurationList = 010308D3207912CD0068D596 /* Build configuration list for PBXNativeTarget "SimpleFactoryDemoTests" */;
			buildPhases = (
				010308B8207912CD0068D596 /* Sources */,
				010308B9207912CD0068D596 /* Frameworks */,
				010308BA207912CD0068D596 /* Resources */,
			);
			buildRules = (
			);
			dependencies = (
				010308BE207912CD0068D596 /* PBXTargetDependency */,
			);
			name = SimpleFactoryDemoTests;
			productName = SimpleFactoryDemoTests;
			productReference = 010308BC207912CD0068D596 /* SimpleFactoryDemoTests.xctest */;
			productType = "com.apple.product-type.bundle.unit-test";
		};
		010308C6207912CD0068D596 /* SimpleFactoryDemoUITests */ = {
			isa = PBXNativeTarget;
			buildConfigurationList = 010308D6207912CD0068D596 /* Build configuration list for PBXNativeTarget "SimpleFactoryDemoUITests" */;
			buildPhases = (
				010308C3207912CD0068D596 /* Sources */,
				010308C4207912CD0068D596 /* Frameworks */,
				010308C5207912CD0068D596 /* Resources */,
			);
			buildRules = (
			);
			dependencies = (
				010308C9207912CD0068D596 /* PBXTargetDependency */,
			);
			name = SimpleFactoryDemoUITests;
			productName = SimpleFactoryDemoUITests;
			productReference = 010308C7207912CD0068D596 /* SimpleFactoryDemoUITests.xctest */;
			productType = "com.apple.product-type.bundle.ui-testing";
		};
/* End PBXNativeTarget section */

/* Begin PBXProject section */
		0103089C207912CC0068D596 /* Project object */ = {
			isa = PBXProject;
			attributes = {
				LastUpgradeCheck = 0930;
				ORGANIZATIONNAME = Dino;
				TargetAttributes = {
					010308A3207912CC0068D596 = {
						CreatedOnToolsVersion = 9.3;
					};
					010308BB207912CD0068D596 = {
						CreatedOnToolsVersion = 9.3;
						TestTargetID = 010308A3207912CC0068D596;
					};
					010308C6207912CD0068D596 = {
						CreatedOnToolsVersion = 9.3;
						TestTargetID = 010308A3207912CC0068D596;
					};
				};
			};
			buildConfigurationList = 0103089F207912CC0068D596 /* Build configuration list for PBXProject "SimpleFactoryDemo" */;
			compatibilityVersion = "Xcode 9.3";
			developmentRegion = en;
			hasScannedForEncodings = 0;
			knownRegions = (
				en,
				Base,
			);
			mainGroup = 0103089B207912CC0068D596;
			productRefGroup = 010308A5207912CC0068D596 /* Products */;
			projectDirPath = "";
			projectRoot = "";
			targets = (
				010308A3207912CC0068D596 /* SimpleFactoryDemo */,
				010308BB207912CD0068D596 /* SimpleFactoryDemoTests */,
				010308C6207912CD0068D596 /* SimpleFactoryDemoUITests */,
			);
		};
/* End PBXProject section */

/* Begin PBXResourcesBuildPhase section */
		010308A2207912CC0068D596 /* Resources */ = {
			isa = PBXResourcesBuildPhase;
			buildActionMask = 2147483647;
			files = (
				010308B4207912CD0068D596 /* LaunchScreen.storyboard in Resources */,
				010308B1207912CD0068D596 /* Assets.xcassets in Resources */,
			);
			runOnlyForDeploymentPostprocessing = 0;
		};
		010308BA207912CD0068D596 /* Resources */ = {
			isa = PBXResourcesBuildPhase;
			buildActionMask = 2147483647;
			files = (
			);
			runOnlyForDeploymentPostprocessing = 0;
		};
		010308C5207912CD0068D596 /* Resources */ = {
			isa = PBXResourcesBuildPhase;
			buildActionMask = 2147483647;
			files = (
			);
			runOnlyForDeploymentPostprocessing = 0;
		};
/* End PBXResourcesBuildPhase section */

/* Begin PBXSourcesBuildPhase section */
		010308A0207912CC0068D596 /* Sources */ = {
			isa = PBXSourcesBuildPhase;
			buildActionMask = 2147483647;
			files = (
				010308DE2079133B0068D596 /* DORootVC.m in Sources */,
				010308E8207915CA0068D596 /* DOBanana.m in Sources */,
				010308E5207915B90068D596 /* DOApple.m in Sources */,
				010308E22079158D0068D596 /* DOFruits.m in Sources */,
				010308B7207912CD0068D596 /* main.m in Sources */,
				010308A9207912CC0068D596 /* AppDelegate.m in Sources */,
				010308EB207917260068D596 /* DOFruitsFactory.m in Sources */,
			);
			runOnlyForDeploymentPostprocessing = 0;
		};
		010308B8207912CD0068D596 /* Sources */ = {
			isa = PBXSourcesBuildPhase;
			buildActionMask = 2147483647;
			files = (
				010308C1207912CD0068D596 /* SimpleFactoryDemoTests.m in Sources */,
			);
			runOnlyForDeploymentPostprocessing = 0;
		};
		010308C3207912CD0068D596 /* Sources */ = {
			isa = PBXSourcesBuildPhase;
			buildActionMask = 2147483647;
			files = (
				010308CC207912CD0068D596 /* SimpleFactoryDemoUITests.m in Sources */,
			);
			runOnlyForDeploymentPostprocessing = 0;
		};
/* End PBXSourcesBuildPhase section */

/* Begin PBXTargetDependency section */
		010308BE207912CD0068D596 /* PBXTargetDependency */ = {
			isa = PBXTargetDependency;
			target = 010308A3207912CC0068D596 /* SimpleFactoryDemo */;
			targetProxy = 010308BD207912CD0068D596 /* PBXContainerItemProxy */;
		};
		010308C9207912CD0068D596 /* PBXTargetDependency */ = {
			isa = PBXTargetDependency;
			target = 010308A3207912CC0068D596 /* SimpleFactoryDemo */;
			targetProxy = 010308C8207912CD0068D596 /* PBXContainerItemProxy */;
		};
/* End PBXTargetDependency section */

/* Begin PBXVariantGroup section */
		010308B2207912CD0068D596 /* LaunchScreen.storyboard */ = {
			isa = PBXVariantGroup;
			children = (
				010308B3207912CD0068D596 /* Base */,
			);
			name = LaunchScreen.storyboard;
			sourceTree = "<group>";
		};
/* End PBXVariantGroup section */

/* Begin XCBuildConfiguration section */
		010308CE207912CD0068D596 /* Debug */ = {
			isa = XCBuildConfiguration;
			buildSettings = {
				ALWAYS_SEARCH_USER_PATHS = NO;
				CLANG_ANALYZER_NONNULL = YES;
				CLANG_ANALYZER_NUMBER_OBJECT_CONVERSION = YES_AGGRESSIVE;
				CLANG_CXX_LANGUAGE_STANDARD = "gnu++14";
				CLANG_CXX_LIBRARY = "libc++";
				CLANG_ENABLE_MODULES = YES;
				CLANG_ENABLE_OBJC_ARC = YES;
				CLANG_ENABLE_OBJC_WEAK = YES;
				CLANG_WARN_BLOCK_CAPTURE_AUTORELEASING = YES;
				CLANG_WARN_BOOL_CONVERSION = YES;
				CLANG_WARN_COMMA = YES;
				CLANG_WARN_CONSTANT_CONVERSION = YES;
				CLANG_WARN_DEPRECATED_OBJC_IMPLEMENTATIONS = YES;
				CLANG_WARN_DIRECT_OBJC_ISA_USAGE = YES_ERROR;
				CLANG_WARN_DOCUMENTATION_COMMENTS = YES;
				CLANG_WARN_EMPTY_BODY = YES;
				CLANG_WARN_ENUM_CONVERSION = YES;
				CLANG_WARN_INFINITE_RECURSION = YES;
				CLANG_WARN_INT_CONVERSION = YES;
				CLANG_WARN_NON_LITERAL_NULL_CONVERSION = YES;
				CLANG_WARN_OBJC_IMPLICIT_RETAIN_SELF = YES;
				CLANG_WARN_OBJC_LITERAL_CONVERSION = YES;
				CLANG_WARN_OBJC_ROOT_CLASS = YES_ERROR;
				CLANG_WARN_RANGE_LOOP_ANALYSIS = YES;
				CLANG_WARN_STRICT_PROTOTYPES = YES;
				CLANG_WARN_SUSPICIOUS_MOVE = YES;
				CLANG_WARN_UNGUARDED_AVAILABILITY = YES_AGGRESSIVE;
				CLANG_WARN_UNREACHABLE_CODE = YES;
				CLANG_WARN__DUPLICATE_METHOD_MATCH = YES;
				CODE_SIGN_IDENTITY = "iPhone Developer";
				COPY_PHASE_STRIP = NO;
				DEBUG_INFORMATION_FORMAT = dwarf;
				ENABLE_STRICT_OBJC_MSGSEND = YES;
				ENABLE_TESTABILITY = YES;
				GCC_C_LANGUAGE_STANDARD = gnu11;
				GCC_DYNAMIC_NO_PIC = NO;
				GCC_NO_COMMON_BLOCKS = YES;
				GCC_OPTIMIZATION_LEVEL = 0;
				GCC_PREPROCESSOR_DEFINITIONS = (
					"DEBUG=1",
					"$(inherited)",
				);
				GCC_WARN_64_TO_32_BIT_CONVERSION = YES;
				GCC_WARN_ABOUT_RETURN_TYPE = YES_ERROR;
				GCC_WARN_UNDECLARED_SELECTOR = YES;
				GCC_WARN_UNINITIALIZED_AUTOS = YES_AGGRESSIVE;
				GCC_WARN_UNUSED_FUNCTION = YES;
				GCC_WARN_UNUSED_VARIABLE = YES;
				IPHONEOS_DEPLOYMENT_TARGET = 11.3;
				MTL_ENABLE_DEBUG_INFO = YES;
				ONLY_ACTIVE_ARCH = YES;
				SDKROOT = iphoneos;
			};
			name = Debug;
		};
		010308CF207912CD0068D596 /* Release */ = {
			isa = XCBuildConfiguration;
			buildSettings = {
				ALWAYS_SEARCH_USER_PATHS = NO;
				CLANG_ANALYZER_NONNULL = YES;
				CLANG_ANALYZER_NUMBER_OBJECT_CONVERSION = YES_AGGRESSIVE;
				CLANG_CXX_LANGUAGE_STANDARD = "gnu++14";
				CLANG_CXX_LIBRARY = "libc++";
				CLANG_ENABLE_MODULES = YES;
				CLANG_ENABLE_OBJC_ARC = YES;
				CLANG_ENABLE_OBJC_WEAK = YES;
				CLANG_WARN_BLOCK_CAPTURE_AUTORELEASING = YES;
				CLANG_WARN_BOOL_CONVERSION = YES;
				CLANG_WARN_COMMA = YES;
				CLANG_WARN_CONSTANT_CONVERSION = YES;
				CLANG_WARN_DEPRECATED_OBJC_IMPLEMENTATIONS = YES;
				CLANG_WARN_DIRECT_OBJC_ISA_USAGE = YES_ERROR;
				CLANG_WARN_DOCUMENTATION_COMMENTS = YES;
				CLANG_WARN_EMPTY_BODY = YES;
				CLANG_WARN_ENUM_CONVERSION = YES;
				CLANG_WARN_INFINITE_RECURSION = YES;
				CLANG_WARN_INT_CONVERSION = YES;
				CLANG_WARN_NON_LITERAL_NULL_CONVERSION = YES;
				CLANG_WARN_OBJC_IMPLICIT_RETAIN_SELF = YES;
				CLANG_WARN_OBJC_LITERAL_CONVERSION = YES;
				CLANG_WARN_OBJC_ROOT_CLASS = YES_ERROR;
				CLANG_WARN_RANGE_LOOP_ANALYSIS = YES;
				CLANG_WARN_STRICT_PROTOTYPES = YES;
				CLANG_WARN_SUSPICIOUS_MOVE = YES;
				CLANG_WARN_UNGUARDED_AVAILABILITY = YES_AGGRESSIVE;
				CLANG_WARN_UNREACHABLE_CODE = YES;
				CLANG_WARN__DUPLICATE_METHOD_MATCH = YES;
				CODE_SIGN_IDENTITY = "iPhone Developer";
				COPY_PHASE_STRIP = NO;
				DEBUG_INFORMATION_FORMAT = "dwarf-with-dsym";
				ENABLE_NS_ASSERTIONS = NO;
				ENABLE_STRICT_OBJC_MSGSEND = YES;
				GCC_C_LANGUAGE_STANDARD = gnu11;
				GCC_NO_COMMON_BLOCKS = YES;
				GCC_WARN_64_TO_32_BIT_CONVERSION = YES;
				GCC_WARN_ABOUT_RETURN_TYPE = YES_ERROR;
				GCC_WARN_UNDECLARED_SELECTOR = YES;
				GCC_WARN_UNINITIALIZED_AUTOS = YES_AGGRESSIVE;
				GCC_WARN_UNUSED_FUNCTION = YES;
				GCC_WARN_UNUSED_VARIABLE = YES;
				IPHONEOS_DEPLOYMENT_TARGET = 11.3;
				MTL_ENABLE_DEBUG_INFO = NO;
				SDKROOT = iphoneos;
				VALIDATE_PRODUCT = YES;
			};
			name = Release;
		};
		010308D1207912CD0068D596 /* Debug */ = {
			isa = XCBuildConfiguration;
			buildSettings = {
				ASSETCATALOG_COMPILER_APPICON_NAME = AppIcon;
				CODE_SIGN_STYLE = Automatic;
				INFOPLIST_FILE = "$(SRCROOT)/SimpleFactoryDemo/Resources/Info.plist";
				LD_RUNPATH_SEARCH_PATHS = (
					"$(inherited)",
					"@executable_path/Frameworks",
				);
				PRODUCT_BUNDLE_IDENTIFIER = com.Dino.SimpleFactoryDemo;
				PRODUCT_NAME = "$(TARGET_NAME)";
				TARGETED_DEVICE_FAMILY = "1,2";
			};
			name = Debug;
		};
		010308D2207912CD0068D596 /* Release */ = {
			isa = XCBuildConfiguration;
			buildSettings = {
				ASSETCATALOG_COMPILER_APPICON_NAME = AppIcon;
				CODE_SIGN_STYLE = Automatic;
				INFOPLIST_FILE = "$(SRCROOT)/SimpleFactoryDemo/Resources/Info.plist";
				LD_RUNPATH_SEARCH_PATHS = (
					"$(inherited)",
					"@executable_path/Frameworks",
				);
				PRODUCT_BUNDLE_IDENTIFIER = com.Dino.SimpleFactoryDemo;
				PRODUCT_NAME = "$(TARGET_NAME)";
				TARGETED_DEVICE_FAMILY = "1,2";
			};
			name = Release;
		};
		010308D4207912CD0068D596 /* Debug */ = {
			isa = XCBuildConfiguration;
			buildSettings = {
				BUNDLE_LOADER = "$(TEST_HOST)";
				CODE_SIGN_STYLE = Automatic;
				INFOPLIST_FILE = SimpleFactoryDemoTests/Info.plist;
				LD_RUNPATH_SEARCH_PATHS = (
					"$(inherited)",
					"@executable_path/Frameworks",
					"@loader_path/Frameworks",
				);
				PRODUCT_BUNDLE_IDENTIFIER = com.Dino.SimpleFactoryDemoTests;
				PRODUCT_NAME = "$(TARGET_NAME)";
				TARGETED_DEVICE_FAMILY = "1,2";
				TEST_HOST = "$(BUILT_PRODUCTS_DIR)/SimpleFactoryDemo.app/SimpleFactoryDemo";
			};
			name = Debug;
		};
		010308D5207912CD0068D596 /* Release */ = {
			isa = XCBuildConfiguration;
			buildSettings = {
				BUNDLE_LOADER = "$(TEST_HOST)";
				CODE_SIGN_STYLE = Automatic;
				INFOPLIST_FILE = SimpleFactoryDemoTests/Info.plist;
				LD_RUNPATH_SEARCH_PATHS = (
					"$(inherited)",
					"@executable_path/Frameworks",
					"@loader_path/Frameworks",
				);
				PRODUCT_BUNDLE_IDENTIFIER = com.Dino.SimpleFactoryDemoTests;
				PRODUCT_NAME = "$(TARGET_NAME)";
				TARGETED_DEVICE_FAMILY = "1,2";
				TEST_HOST = "$(BUILT_PRODUCTS_DIR)/SimpleFactoryDemo.app/SimpleFactoryDemo";
			};
			name = Release;
		};
		010308D7207912CD0068D596 /* Debug */ = {
			isa = XCBuildConfiguration;
			buildSettings = {
				CODE_SIGN_STYLE = Automatic;
				INFOPLIST_FILE = SimpleFactoryDemoUITests/Info.plist;
				LD_RUNPATH_SEARCH_PATHS = (
					"$(inherited)",
					"@executable_path/Frameworks",
					"@loader_path/Frameworks",
				);
				PRODUCT_BUNDLE_IDENTIFIER = com.Dino.SimpleFactoryDemoUITests;
				PRODUCT_NAME = "$(TARGET_NAME)";
				TARGETED_DEVICE_FAMILY = "1,2";
				TEST_TARGET_NAME = SimpleFactoryDemo;
			};
			name = Debug;
		};
		010308D8207912CD0068D596 /* Release */ = {
			isa = XCBuildConfiguration;
			buildSettings = {
				CODE_SIGN_STYLE = Automatic;
				INFOPLIST_FILE = SimpleFactoryDemoUITests/Info.plist;
				LD_RUNPATH_SEARCH_PATHS = (
					"$(inherited)",
					"@executable_path/Frameworks",
					"@loader_path/Frameworks",
				);
				PRODUCT_BUNDLE_IDENTIFIER = com.Dino.SimpleFactoryDemoUITests;
				PRODUCT_NAME = "$(TARGET_NAME)";
				TARGETED_DEVICE_FAMILY = "1,2";
				TEST_TARGET_NAME = SimpleFactoryDemo;
			};
			name = Release;
		};
/* End XCBuildConfiguration section */

/* Begin XCConfigurationList section */
		0103089F207912CC0068D596 /* Build configuration list for PBXProject "SimpleFactoryDemo" */ = {
			isa = XCConfigurationList;
			buildConfigurations = (
				010308CE207912CD0068D596 /* Debug */,
				010308CF207912CD0068D596 /* Release */,
			);
			defaultConfigurationIsVisible = 0;
			defaultConfigurationName = Release;
		};
		010308D0207912CD0068D596 /* Build configuration list for PBXNativeTarget "SimpleFactoryDemo" */ = {
			isa = XCConfigurationList;
			buildConfigurations = (
				010308D1207912CD0068D596 /* Debug */,
				010308D2207912CD0068D596 /* Release */,
			);
			defaultConfigurationIsVisible = 0;
			defaultConfigurationName = Release;
		};
		010308D3207912CD0068D596 /* Build configuration list for PBXNativeTarget "SimpleFactoryDemoTests" */ = {
			isa = XCConfigurationList;
			buildConfigurations = (
				010308D4207912CD0068D596 /* Debug */,
				010308D5207912CD0068D596 /* Release */,
			);
			defaultConfigurationIsVisible = 0;
			defaultConfigurationName = Release;
		};
		010308D6207912CD0068D596 /* Build configuration list for PBXNativeTarget "SimpleFactoryDemoUITests" */ = {
			isa = XCConfigurationList;
			buildConfigurations = (
				010308D7207912CD0068D596 /* Debug */,
				010308D8207912CD0068D596 /* Release */,
			);
			defaultConfigurationIsVisible = 0;
			defaultConfigurationName = Release;
		};
/* End XCConfigurationList section */
	};
	rootObject = 0103089C207912CC0068D596 /* Project object */;
}
